
Microsoft Visual Studio Solution File, Format Version 12.00
# Visual Studio Version 17
VisualStudioVersion = 17.9.34607.119
MinimumVisualStudioVersion = 10.0.40219.1
Project("{FAE04EC0-301F-11D3-BF4B-00C04F79EFBC}") = "Replica", "Replica\Replica.csproj", "{5AED4185-E55E-4FF5-8347-D087A36E6E39}"
EndProject
Global
	GlobalSection(SolutionConfigurationPlatforms) = preSolution
		Debug|Any CPU = Debug|Any CPU
		Release|Any CPU = Release|Any CPU
	EndGlobalSection
	GlobalSection(ProjectConfigurationPlatforms) = postSolution
		{5AED4185-E55E-4FF5-8347-D087A36E6E39}.Debug|Any CPU.ActiveCfg = Debug|Any CPU
		{5AED4185-E55E-4FF5-8347-D087A36E6E39}.Debug|Any CPU.Build.0 = Debug|Any CPU
		{5AED4185-E55E-4FF5-8347-D087A36E6E39}.Release|Any CPU.ActiveCfg = Release|Any CPU
		{5AED4185-E55E-4FF5-8347-D087A36E6E39}.Release|Any CPU.Build.0 = Release|Any CPU
	EndGlobalSection
	GlobalSection(SolutionProperties) = preSolution
		HideSolutionNode = FALSE
	EndGlobalSection
	GlobalSection(ExtensibilityGlobals) = postSolution
		SolutionGuid = {EBE0F871-A892-4A77-856E-DA08B2FB2E5F}
	EndGlobalSection
EndGlobal
